
Microsoft Visual Studio Solution File, Format Version 12.00
# Visual Studio Version 17
VisualStudioVersion = 17.9.34723.18
MinimumVisualStudioVersion = 10.0.40219.1
Project("{FAE04EC0-301F-11D3-BF4B-00C04F79EFBC}") = "calculadoramalu", "calculadoramalu.csproj", "{A126AA57-B1F8-43AD-8A4D-161DF98E1BD7}"
EndProject
Global
	GlobalSection(SolutionConfigurationPlatforms) = preSolution
		Debug|Any CPU = Debug|Any CPU
		Release|Any CPU = Release|Any CPU
	EndGlobalSection
	GlobalSection(ProjectConfigurationPlatforms) = postSolution
		{A126AA57-B1F8-43AD-8A4D-161DF98E1BD7}.Debug|Any CPU.ActiveCfg = Debug|Any CPU
		{A126AA57-B1F8-43AD-8A4D-161DF98E1BD7}.Debug|Any CPU.Build.0 = Debug|Any CPU
		{A126AA57-B1F8-43AD-8A4D-161DF98E1BD7}.Release|Any CPU.ActiveCfg = Release|Any CPU
		{A126AA57-B1F8-43AD-8A4D-161DF98E1BD7}.Release|Any CPU.Build.0 = Release|Any CPU
	EndGlobalSection
	GlobalSection(SolutionProperties) = preSolution
		HideSolutionNode = FALSE
	EndGlobalSection
	GlobalSection(ExtensibilityGlobals) = postSolution
		SolutionGuid = {39C2EE6E-775A-4CB7-86A7-359401AD33F6}
	EndGlobalSection
EndGlobal
